
Microsoft Visual Studio Solution File, Format Version 12.00
# Visual Studio 15
VisualStudioVersion = 15.0.28307.1022
MinimumVisualStudioVersion = 10.0.40219.1
Project("{8BC9CEB8-8B4A-11D0-8D11-00A0C91BC942}") = "Binary_Tree", "Binary_Tree\Binary_Tree.vcxproj", "{024D49A0-E678-485A-A703-CFEB671DA3F7}"
EndProject
Global
	GlobalSection(SolutionConfigurationPlatforms) = preSolution
		Debug|x64 = Debug|x64
		Debug|x86 = Debug|x86
		Release|x64 = Release|x64
		Release|x86 = Release|x86
	EndGlobalSection
	GlobalSection(ProjectConfigurationPlatforms) = postSolution
		{024D49A0-E678-485A-A703-CFEB671DA3F7}.Debug|x64.ActiveCfg = Debug|x64
		{024D49A0-E678-485A-A703-CFEB671DA3F7}.Debug|x64.Build.0 = Debug|x64
		{024D49A0-E678-485A-A703-CFEB671DA3F7}.Debug|x86.ActiveCfg = Debug|Win32
		{024D49A0-E678-485A-A703-CFEB671DA3F7}.Debug|x86.Build.0 = Debug|Win32
		{024D49A0-E678-485A-A703-CFEB671DA3F7}.Release|x64.ActiveCfg = Release|x64
		{024D49A0-E678-485A-A703-CFEB671DA3F7}.Release|x64.Build.0 = Release|x64
		{024D49A0-E678-485A-A703-CFEB671DA3F7}.Release|x86.ActiveCfg = Release|Win32
		{024D49A0-E678-485A-A703-CFEB671DA3F7}.Release|x86.Build.0 = Release|Win32
	EndGlobalSection
	GlobalSection(SolutionProperties) = preSolution
		HideSolutionNode = FALSE
	EndGlobalSection
	GlobalSection(ExtensibilityGlobals) = postSolution
		SolutionGuid = {CC75B847-C0E3-4666-996E-10CDC0E03E84}
	EndGlobalSection
EndGlobal
