
Microsoft Visual Studio Solution File, Format Version 12.00
# Visual Studio Version 16
VisualStudioVersion = 16.0.31729.503
MinimumVisualStudioVersion = 10.0.40219.1
Project("{8BC9CEB8-8B4A-11D0-8D11-00A0C91BC942}") = "CA5", "CA5\CA5.vcxproj", "{5FFAA919-F258-4D29-9473-0575D0FE98EA}"
EndProject
Global
	GlobalSection(SolutionConfigurationPlatforms) = preSolution
		Debug|x64 = Debug|x64
		Debug|x86 = Debug|x86
		Release|x64 = Release|x64
		Release|x86 = Release|x86
	EndGlobalSection
	GlobalSection(ProjectConfigurationPlatforms) = postSolution
		{5FFAA919-F258-4D29-9473-0575D0FE98EA}.Debug|x64.ActiveCfg = Debug|x64
		{5FFAA919-F258-4D29-9473-0575D0FE98EA}.Debug|x64.Build.0 = Debug|x64
		{5FFAA919-F258-4D29-9473-0575D0FE98EA}.Debug|x86.ActiveCfg = Debug|Win32
		{5FFAA919-F258-4D29-9473-0575D0FE98EA}.Debug|x86.Build.0 = Debug|Win32
		{5FFAA919-F258-4D29-9473-0575D0FE98EA}.Release|x64.ActiveCfg = Release|x64
		{5FFAA919-F258-4D29-9473-0575D0FE98EA}.Release|x64.Build.0 = Release|x64
		{5FFAA919-F258-4D29-9473-0575D0FE98EA}.Release|x86.ActiveCfg = Release|Win32
		{5FFAA919-F258-4D29-9473-0575D0FE98EA}.Release|x86.Build.0 = Release|Win32
	EndGlobalSection
	GlobalSection(SolutionProperties) = preSolution
		HideSolutionNode = FALSE
	EndGlobalSection
	GlobalSection(ExtensibilityGlobals) = postSolution
		SolutionGuid = {3E0E274B-69B1-4455-862C-7B4ED9E62E49}
	EndGlobalSection
EndGlobal
